
Microsoft Visual Studio Solution File, Format Version 12.00
# Visual Studio Version 16
VisualStudioVersion = 16.0.31624.102
MinimumVisualStudioVersion = 10.0.40219.1
Project("{888888A0-9F3D-457C-B088-3A5042F75D52}") = "praktika", "praktika\praktika.pyproj", "{6F1BA7B0-7C28-4D56-9E5B-849BD633E8DE}"
EndProject
Global
	GlobalSection(SolutionConfigurationPlatforms) = preSolution
		Debug|Any CPU = Debug|Any CPU
		Release|Any CPU = Release|Any CPU
	EndGlobalSection
	GlobalSection(ProjectConfigurationPlatforms) = postSolution
		{6F1BA7B0-7C28-4D56-9E5B-849BD633E8DE}.Debug|Any CPU.ActiveCfg = Debug|Any CPU
		{6F1BA7B0-7C28-4D56-9E5B-849BD633E8DE}.Release|Any CPU.ActiveCfg = Release|Any CPU
	EndGlobalSection
	GlobalSection(SolutionProperties) = preSolution
		HideSolutionNode = FALSE
	EndGlobalSection
	GlobalSection(ExtensibilityGlobals) = postSolution
		SolutionGuid = {C5D7575C-C747-4150-A5FF-48D40821F41A}
	EndGlobalSection
EndGlobal
